
Microsoft Visual Studio Solution File, Format Version 12.00
# Visual Studio 15
VisualStudioVersion = 15.0.27428.2005
MinimumVisualStudioVersion = 10.0.40219.1
Project("{F2A71F9B-5D33-465A-A702-920D77279786}") = "FormalSpecs", "FormalSpecs\FormalSpecs.fsproj", "{B10B535E-7290-4D2B-A449-0ABD11984BB7}"
EndProject
Global
	GlobalSection(SolutionConfigurationPlatforms) = preSolution
		Debug|Any CPU = Debug|Any CPU
		Release|Any CPU = Release|Any CPU
	EndGlobalSection
	GlobalSection(ProjectConfigurationPlatforms) = postSolution
		{B10B535E-7290-4D2B-A449-0ABD11984BB7}.Debug|Any CPU.ActiveCfg = Debug|Any CPU
		{B10B535E-7290-4D2B-A449-0ABD11984BB7}.Debug|Any CPU.Build.0 = Debug|Any CPU
		{B10B535E-7290-4D2B-A449-0ABD11984BB7}.Release|Any CPU.ActiveCfg = Release|Any CPU
		{B10B535E-7290-4D2B-A449-0ABD11984BB7}.Release|Any CPU.Build.0 = Release|Any CPU
	EndGlobalSection
	GlobalSection(SolutionProperties) = preSolution
		HideSolutionNode = FALSE
	EndGlobalSection
	GlobalSection(ExtensibilityGlobals) = postSolution
		SolutionGuid = {0F582C2D-B7F6-4FA3-9D8F-CA89589B270F}
	EndGlobalSection
EndGlobal
